
Microsoft Visual Studio Solution File, Format Version 12.00
# Visual Studio Version 17
VisualStudioVersion = 17.3.32922.545
MinimumVisualStudioVersion = 10.0.40219.1
Project("{9A19103F-16F7-4668-BE54-9A1E7A4F7556}") = "TheLazyCrazyBrain.CarRental.Module", "TheLazyCrazyBrain.CarRental.Module\TheLazyCrazyBrain.CarRental.Module.csproj", "{E2A0A293-4968-4363-9B52-91E29BD2C143}"
EndProject
Project("{9A19103F-16F7-4668-BE54-9A1E7A4F7556}") = "TheLazyCrazyBrain.CarRental.Win", "TheLazyCrazyBrain.CarRental.Win\TheLazyCrazyBrain.CarRental.Win.csproj", "{D4D220FE-5482-4FFC-89A8-F0244C4D01BA}"
EndProject
Project("{9A19103F-16F7-4668-BE54-9A1E7A4F7556}") = "TheLazyCrazyBrain.CarRental.Blazor.Server", "TheLazyCrazyBrain.CarRental.Blazor.Server\TheLazyCrazyBrain.CarRental.Blazor.Server.csproj", "{63D1BCE3-209A-4C26-8C28-3AC737698855}"
EndProject
Global
	GlobalSection(SolutionConfigurationPlatforms) = preSolution
		Debug|Any CPU = Debug|Any CPU
		EasyTest|Any CPU = EasyTest|Any CPU
		Release|Any CPU = Release|Any CPU
	EndGlobalSection
	GlobalSection(ProjectConfigurationPlatforms) = postSolution
		{E2A0A293-4968-4363-9B52-91E29BD2C143}.Debug|Any CPU.ActiveCfg = Debug|Any CPU
		{E2A0A293-4968-4363-9B52-91E29BD2C143}.Debug|Any CPU.Build.0 = Debug|Any CPU
		{E2A0A293-4968-4363-9B52-91E29BD2C143}.EasyTest|Any CPU.ActiveCfg = EasyTest|Any CPU
		{E2A0A293-4968-4363-9B52-91E29BD2C143}.EasyTest|Any CPU.Build.0 = EasyTest|Any CPU
		{E2A0A293-4968-4363-9B52-91E29BD2C143}.Release|Any CPU.ActiveCfg = Release|Any CPU
		{E2A0A293-4968-4363-9B52-91E29BD2C143}.Release|Any CPU.Build.0 = Release|Any CPU
		{D4D220FE-5482-4FFC-89A8-F0244C4D01BA}.Debug|Any CPU.ActiveCfg = Debug|Any CPU
		{D4D220FE-5482-4FFC-89A8-F0244C4D01BA}.Debug|Any CPU.Build.0 = Debug|Any CPU
		{D4D220FE-5482-4FFC-89A8-F0244C4D01BA}.EasyTest|Any CPU.ActiveCfg = EasyTest|Any CPU
		{D4D220FE-5482-4FFC-89A8-F0244C4D01BA}.EasyTest|Any CPU.Build.0 = EasyTest|Any CPU
		{D4D220FE-5482-4FFC-89A8-F0244C4D01BA}.Release|Any CPU.ActiveCfg = Release|Any CPU
		{D4D220FE-5482-4FFC-89A8-F0244C4D01BA}.Release|Any CPU.Build.0 = Release|Any CPU
		{63D1BCE3-209A-4C26-8C28-3AC737698855}.Debug|Any CPU.ActiveCfg = Debug|Any CPU
		{63D1BCE3-209A-4C26-8C28-3AC737698855}.Debug|Any CPU.Build.0 = Debug|Any CPU
		{63D1BCE3-209A-4C26-8C28-3AC737698855}.EasyTest|Any CPU.ActiveCfg = EasyTest|Any CPU
		{63D1BCE3-209A-4C26-8C28-3AC737698855}.EasyTest|Any CPU.Build.0 = EasyTest|Any CPU
		{63D1BCE3-209A-4C26-8C28-3AC737698855}.Release|Any CPU.ActiveCfg = Release|Any CPU
		{63D1BCE3-209A-4C26-8C28-3AC737698855}.Release|Any CPU.Build.0 = Release|Any CPU
	EndGlobalSection
	GlobalSection(SolutionProperties) = preSolution
		HideSolutionNode = FALSE
	EndGlobalSection
	GlobalSection(ExtensibilityGlobals) = postSolution
		SolutionGuid = {C5006920-97F2-4CD5-A537-FD81A993826B}
	EndGlobalSection
EndGlobal
